// !$*UTF8*$!
{
	archiveVersion = 1;
	classes = {
	};
	objectVersion = 46;
	objects = {

/* Begin PBXBuildFile section */
		4D0EA3941EBE9CA900881121 /* AlertPickerViewDelegate.swift in Sources */ = {isa = PBXBuildFile; fileRef = 4D0EA3931EBE9CA900881121 /* AlertPickerViewDelegate.swift */; };
		4D164AB41EC506DA00779664 /* MKPointLocationAnnotation.swift in Sources */ = {isa = PBXBuildFile; fileRef = 4D164AB31EC506DA00779664 /* MKPointLocationAnnotation.swift */; };
		4D37E8391EC004D300E566FB /* ResultsTableViewCell.swift in Sources */ = {isa = PBXBuildFile; fileRef = 4D37E8381EC004D300E566FB /* ResultsTableViewCell.swift */; };
		4D4BB6A11E99965B00B5FAA1 /* Logger.swift in Sources */ = {isa = PBXBuildFile; fileRef = 4D4BB6A01E99965B00B5FAA1 /* Logger.swift */; };
		4D4BB6A31E99DE1900B5FAA1 /* ActivitiesTableViewCell.swift in Sources */ = {isa = PBXBuildFile; fileRef = 4D4BB6A21E99DE1900B5FAA1 /* ActivitiesTableViewCell.swift */; };
		4D4BB6A71E99E4DD00B5FAA1 /* ActivityInfoViewController.swift in Sources */ = {isa = PBXBuildFile; fileRef = 4D4BB6A61E99E4DD00B5FAA1 /* ActivityInfoViewController.swift */; };
		4D4BB6A91E99F1FB00B5FAA1 /* ActivitiesTableViewController.swift in Sources */ = {isa = PBXBuildFile; fileRef = 4D4BB6A81E99F1FB00B5FAA1 /* ActivitiesTableViewController.swift */; };
		4D67D9F91EBE6E5800AD1EB0 /* Result.swift in Sources */ = {isa = PBXBuildFile; fileRef = 4D67D9F81EBE6E5800AD1EB0 /* Result.swift */; };
		4D67D9FB1EBE6E6900AD1EB0 /* ResultType.swift in Sources */ = {isa = PBXBuildFile; fileRef = 4D67D9FA1EBE6E6900AD1EB0 /* ResultType.swift */; };
		4D67D9FD1EBE6E9700AD1EB0 /* School.swift in Sources */ = {isa = PBXBuildFile; fileRef = 4D67D9FC1EBE6E9700AD1EB0 /* School.swift */; };
		4D67D9FF1EBE8B3400AD1EB0 /* NotificationHelper.swift in Sources */ = {isa = PBXBuildFile; fileRef = 4D67D9FE1EBE8B3400AD1EB0 /* NotificationHelper.swift */; };
		4D67DA011EBE973F00AD1EB0 /* MessageHelper.swift in Sources */ = {isa = PBXBuildFile; fileRef = 4D67DA001EBE973F00AD1EB0 /* MessageHelper.swift */; };
		4D88F7961E94BE8F007F438D /* MapViewController.swift in Sources */ = {isa = PBXBuildFile; fileRef = 4D88F7951E94BE8F007F438D /* MapViewController.swift */; };
		4D88F79A1E94BF65007F438D /* PlacesViewController.swift in Sources */ = {isa = PBXBuildFile; fileRef = 4D88F7991E94BF65007F438D /* PlacesViewController.swift */; };
		4D88F79D1E94C071007F438D /* MapKit.framework in Frameworks */ = {isa = PBXBuildFile; fileRef = 4D88F79C1E94C071007F438D /* MapKit.framework */; };
		4D89EAEA1EC0193E0080C8E1 /* PlacesTableViewCell.swift in Sources */ = {isa = PBXBuildFile; fileRef = 4D89EAE91EC0193E0080C8E1 /* PlacesTableViewCell.swift */; };
		4D96BC351E97A93100B93BF1 /* Location.swift in Sources */ = {isa = PBXBuildFile; fileRef = 4D96BC341E97A93100B93BF1 /* Location.swift */; };
		4DA6F36F1E8CE9E200C3E0A8 /* AppDelegate.swift in Sources */ = {isa = PBXBuildFile; fileRef = 4DA6F36E1E8CE9E200C3E0A8 /* AppDelegate.swift */; };
		4DA6F3761E8CE9E200C3E0A8 /* Main.storyboard in Resources */ = {isa = PBXBuildFile; fileRef = 4DA6F3741E8CE9E200C3E0A8 /* Main.storyboard */; };
		4DA6F3781E8CE9E200C3E0A8 /* Assets.xcassets in Resources */ = {isa = PBXBuildFile; fileRef = 4DA6F3771E8CE9E200C3E0A8 /* Assets.xcassets */; };
		4DA6F37B1E8CE9E200C3E0A8 /* LaunchScreen.storyboard in Resources */ = {isa = PBXBuildFile; fileRef = 4DA6F3791E8CE9E200C3E0A8 /* LaunchScreen.storyboard */; };
		4DA6F3861E8CE9E200C3E0A8 /* JeuxAESDTests.swift in Sources */ = {isa = PBXBuildFile; fileRef = 4DA6F3851E8CE9E200C3E0A8 /* JeuxAESDTests.swift */; };
		4DA6F3911E8CE9E200C3E0A8 /* JeuxAESDUITests.swift in Sources */ = {isa = PBXBuildFile; fileRef = 4DA6F3901E8CE9E200C3E0A8 /* JeuxAESDUITests.swift */; };
		4DE59DF61E9B311900886C3C /* AboutViewController.swift in Sources */ = {isa = PBXBuildFile; fileRef = 4DE59DF51E9B311900886C3C /* AboutViewController.swift */; };
		4DF07B2C1EBC092E0068578B /* Activity.swift in Sources */ = {isa = PBXBuildFile; fileRef = 4DF07B2B1EBC092E0068578B /* Activity.swift */; };
		4DFA51E31EB9551E006E143C /* APICommunication.swift in Sources */ = {isa = PBXBuildFile; fileRef = 4DFA51E21EB9551E006E143C /* APICommunication.swift */; };
		4DFA51E51EB95BE7006E143C /* Event.swift in Sources */ = {isa = PBXBuildFile; fileRef = 4DFA51E41EB95BE7006E143C /* Event.swift */; };
		7B1E76B9EC3BDD8BA19D1E3C /* Pods_JeuxAESDTests.framework in Frameworks */ = {isa = PBXBuildFile; fileRef = 43728058D4AC5BC15A7AEFBC /* Pods_JeuxAESDTests.framework */; };
		CCB541B3A49A33AD34AC8D8C /* Pods_JeuxAESDUITests.framework in Frameworks */ = {isa = PBXBuildFile; fileRef = E6EE928EE4245804DF5B952D /* Pods_JeuxAESDUITests.framework */; };
		EAAD7014A787B9723EEEB94A /* Pods_JeuxAESD.framework in Frameworks */ = {isa = PBXBuildFile; fileRef = 2644E991631054D29C2D2C77 /* Pods_JeuxAESD.framework */; };
/* End PBXBuildFile section */

/* Begin PBXContainerItemProxy section */
		4DA6F3821E8CE9E200C3E0A8 /* PBXContainerItemProxy */ = {
			isa = PBXContainerItemProxy;
			containerPortal = 4DA6F3631E8CE9E200C3E0A8 /* Project object */;
			proxyType = 1;
			remoteGlobalIDString = 4DA6F36A1E8CE9E200C3E0A8;
			remoteInfo = JeuxAESD;
		};
		4DA6F38D1E8CE9E200C3E0A8 /* PBXContainerItemProxy */ = {
			isa = PBXContainerItemProxy;
			containerPortal = 4DA6F3631E8CE9E200C3E0A8 /* Project object */;
			proxyType = 1;
			remoteGlobalIDString = 4DA6F36A1E8CE9E200C3E0A8;
			remoteInfo = JeuxAESD;
		};
/* End PBXContainerItemProxy section */

/* Begin PBXFileReference section */
		2061EB1BDB6B69B946DCDBCF /* Pods-JeuxAESDTests.release.xcconfig */ = {isa = PBXFileReference; includeInIndex = 1; lastKnownFileType = text.xcconfig; name = "Pods-JeuxAESDTests.release.xcconfig"; path = "Pods/Target Support Files/Pods-JeuxAESDTests/Pods-JeuxAESDTests.release.xcconfig"; sourceTree = "<group>"; };
		2644E991631054D29C2D2C77 /* Pods_JeuxAESD.framework */ = {isa = PBXFileReference; explicitFileType = wrapper.framework; includeInIndex = 0; path = Pods_JeuxAESD.framework; sourceTree = BUILT_PRODUCTS_DIR; };
		31948965DE3FE8D2E9174045 /* Pods-JeuxAESDUITests.release.xcconfig */ = {isa = PBXFileReference; includeInIndex = 1; lastKnownFileType = text.xcconfig; name = "Pods-JeuxAESDUITests.release.xcconfig"; path = "Pods/Target Support Files/Pods-JeuxAESDUITests/Pods-JeuxAESDUITests.release.xcconfig"; sourceTree = "<group>"; };
		33973586C86F4323CC2A0535 /* Pods-JeuxAESDUITests.debug.xcconfig */ = {isa = PBXFileReference; includeInIndex = 1; lastKnownFileType = text.xcconfig; name = "Pods-JeuxAESDUITests.debug.xcconfig"; path = "Pods/Target Support Files/Pods-JeuxAESDUITests/Pods-JeuxAESDUITests.debug.xcconfig"; sourceTree = "<group>"; };
		43728058D4AC5BC15A7AEFBC /* Pods_JeuxAESDTests.framework */ = {isa = PBXFileReference; explicitFileType = wrapper.framework; includeInIndex = 0; path = Pods_JeuxAESDTests.framework; sourceTree = BUILT_PRODUCTS_DIR; };
		4D0EA3931EBE9CA900881121 /* AlertPickerViewDelegate.swift */ = {isa = PBXFileReference; fileEncoding = 4; lastKnownFileType = sourcecode.swift; path = AlertPickerViewDelegate.swift; sourceTree = "<group>"; };
		4D164AB31EC506DA00779664 /* MKPointLocationAnnotation.swift */ = {isa = PBXFileReference; fileEncoding = 4; lastKnownFileType = sourcecode.swift; path = MKPointLocationAnnotation.swift; sourceTree = "<group>"; };
		4D37E8381EC004D300E566FB /* ResultsTableViewCell.swift */ = {isa = PBXFileReference; fileEncoding = 4; lastKnownFileType = sourcecode.swift; path = ResultsTableViewCell.swift; sourceTree = "<group>"; };
		4D4BB6A01E99965B00B5FAA1 /* Logger.swift */ = {isa = PBXFileReference; fileEncoding = 4; lastKnownFileType = sourcecode.swift; path = Logger.swift; sourceTree = "<group>"; };
		4D4BB6A21E99DE1900B5FAA1 /* ActivitiesTableViewCell.swift */ = {isa = PBXFileReference; fileEncoding = 4; lastKnownFileType = sourcecode.swift; path = ActivitiesTableViewCell.swift; sourceTree = "<group>"; };
		4D4BB6A61E99E4DD00B5FAA1 /* ActivityInfoViewController.swift */ = {isa = PBXFileReference; fileEncoding = 4; lastKnownFileType = sourcecode.swift; path = ActivityInfoViewController.swift; sourceTree = "<group>"; };
		4D4BB6A81E99F1FB00B5FAA1 /* ActivitiesTableViewController.swift */ = {isa = PBXFileReference; fileEncoding = 4; lastKnownFileType = sourcecode.swift; path = ActivitiesTableViewController.swift; sourceTree = "<group>"; };
		4D67D9F81EBE6E5800AD1EB0 /* Result.swift */ = {isa = PBXFileReference; fileEncoding = 4; lastKnownFileType = sourcecode.swift; path = Result.swift; sourceTree = "<group>"; };
		4D67D9FA1EBE6E6900AD1EB0 /* ResultType.swift */ = {isa = PBXFileReference; fileEncoding = 4; lastKnownFileType = sourcecode.swift; path = ResultType.swift; sourceTree = "<group>"; };
		4D67D9FC1EBE6E9700AD1EB0 /* School.swift */ = {isa = PBXFileReference; fileEncoding = 4; lastKnownFileType = sourcecode.swift; path = School.swift; sourceTree = "<group>"; };
		4D67D9FE1EBE8B3400AD1EB0 /* NotificationHelper.swift */ = {isa = PBXFileReference; fileEncoding = 4; lastKnownFileType = sourcecode.swift; path = NotificationHelper.swift; sourceTree = "<group>"; };
		4D67DA001EBE973F00AD1EB0 /* MessageHelper.swift */ = {isa = PBXFileReference; fileEncoding = 4; lastKnownFileType = sourcecode.swift; path = MessageHelper.swift; sourceTree = "<group>"; };
		4D88F7951E94BE8F007F438D /* MapViewController.swift */ = {isa = PBXFileReference; fileEncoding = 4; lastKnownFileType = sourcecode.swift; path = MapViewController.swift; sourceTree = "<group>"; };
		4D88F7991E94BF65007F438D /* PlacesViewController.swift */ = {isa = PBXFileReference; fileEncoding = 4; lastKnownFileType = sourcecode.swift; path = PlacesViewController.swift; sourceTree = "<group>"; };
		4D88F79C1E94C071007F438D /* MapKit.framework */ = {isa = PBXFileReference; lastKnownFileType = wrapper.framework; name = MapKit.framework; path = System/Library/Frameworks/MapKit.framework; sourceTree = SDKROOT; };
		4D89EAE91EC0193E0080C8E1 /* PlacesTableViewCell.swift */ = {isa = PBXFileReference; fileEncoding = 4; lastKnownFileType = sourcecode.swift; path = PlacesTableViewCell.swift; sourceTree = "<group>"; };
		4D96BC341E97A93100B93BF1 /* Location.swift */ = {isa = PBXFileReference; fileEncoding = 4; lastKnownFileType = sourcecode.swift; path = Location.swift; sourceTree = "<group>"; };
		4DA6F36B1E8CE9E200C3E0A8 /* JeuxAESD.app */ = {isa = PBXFileReference; explicitFileType = wrapper.application; includeInIndex = 0; path = JeuxAESD.app; sourceTree = BUILT_PRODUCTS_DIR; };
		4DA6F36E1E8CE9E200C3E0A8 /* AppDelegate.swift */ = {isa = PBXFileReference; lastKnownFileType = sourcecode.swift; path = AppDelegate.swift; sourceTree = "<group>"; };
		4DA6F3751E8CE9E200C3E0A8 /* Base */ = {isa = PBXFileReference; lastKnownFileType = file.storyboard; name = Base; path = Base.lproj/Main.storyboard; sourceTree = "<group>"; };
		4DA6F3771E8CE9E200C3E0A8 /* Assets.xcassets */ = {isa = PBXFileReference; lastKnownFileType = folder.assetcatalog; path = Assets.xcassets; sourceTree = "<group>"; };
		4DA6F37A1E8CE9E200C3E0A8 /* Base */ = {isa = PBXFileReference; lastKnownFileType = file.storyboard; name = Base; path = Base.lproj/LaunchScreen.storyboard; sourceTree = "<group>"; };
		4DA6F37C1E8CE9E200C3E0A8 /* Info.plist */ = {isa = PBXFileReference; lastKnownFileType = text.plist.xml; path = Info.plist; sourceTree = "<group>"; };
		4DA6F3811E8CE9E200C3E0A8 /* JeuxAESDTests.xctest */ = {isa = PBXFileReference; explicitFileType = wrapper.cfbundle; includeInIndex = 0; path = JeuxAESDTests.xctest; sourceTree = BUILT_PRODUCTS_DIR; };
		4DA6F3851E8CE9E200C3E0A8 /* JeuxAESDTests.swift */ = {isa = PBXFileReference; lastKnownFileType = sourcecode.swift; path = JeuxAESDTests.swift; sourceTree = "<group>"; };
		4DA6F3871E8CE9E200C3E0A8 /* Info.plist */ = {isa = PBXFileReference; lastKnownFileType = text.plist.xml; path = Info.plist; sourceTree = "<group>"; };
		4DA6F38C1E8CE9E200C3E0A8 /* JeuxAESDUITests.xctest */ = {isa = PBXFileReference; explicitFileType = wrapper.cfbundle; includeInIndex = 0; path = JeuxAESDUITests.xctest; sourceTree = BUILT_PRODUCTS_DIR; };
		4DA6F3901E8CE9E200C3E0A8 /* JeuxAESDUITests.swift */ = {isa = PBXFileReference; lastKnownFileType = sourcecode.swift; path = JeuxAESDUITests.swift; sourceTree = "<group>"; };
		4DA6F3921E8CE9E200C3E0A8 /* Info.plist */ = {isa = PBXFileReference; lastKnownFileType = text.plist.xml; path = Info.plist; sourceTree = "<group>"; };
		4DE59DF51E9B311900886C3C /* AboutViewController.swift */ = {isa = PBXFileReference; fileEncoding = 4; lastKnownFileType = sourcecode.swift; path = AboutViewController.swift; sourceTree = "<group>"; };
		4DF07B2B1EBC092E0068578B /* Activity.swift */ = {isa = PBXFileReference; fileEncoding = 4; lastKnownFileType = sourcecode.swift; path = Activity.swift; sourceTree = "<group>"; };
		4DFA51E21EB9551E006E143C /* APICommunication.swift */ = {isa = PBXFileReference; fileEncoding = 4; lastKnownFileType = sourcecode.swift; path = APICommunication.swift; sourceTree = "<group>"; };
		4DFA51E41EB95BE7006E143C /* Event.swift */ = {isa = PBXFileReference; fileEncoding = 4; lastKnownFileType = sourcecode.swift; path = Event.swift; sourceTree = "<group>"; };
		64345DC2A1DF94473686AC28 /* Pods-JeuxAESD.debug.xcconfig */ = {isa = PBXFileReference; includeInIndex = 1; lastKnownFileType = text.xcconfig; name = "Pods-JeuxAESD.debug.xcconfig"; path = "Pods/Target Support Files/Pods-JeuxAESD/Pods-JeuxAESD.debug.xcconfig"; sourceTree = "<group>"; };
		7CF28A05B9DB075A72B594E5 /* Pods-JeuxAESD.release.xcconfig */ = {isa = PBXFileReference; includeInIndex = 1; lastKnownFileType = text.xcconfig; name = "Pods-JeuxAESD.release.xcconfig"; path = "Pods/Target Support Files/Pods-JeuxAESD/Pods-JeuxAESD.release.xcconfig"; sourceTree = "<group>"; };
		E6EE928EE4245804DF5B952D /* Pods_JeuxAESDUITests.framework */ = {isa = PBXFileReference; explicitFileType = wrapper.framework; includeInIndex = 0; path = Pods_JeuxAESDUITests.framework; sourceTree = BUILT_PRODUCTS_DIR; };
		FB77492FE1D57C8A1745244E /* Pods-JeuxAESDTests.debug.xcconfig */ = {isa = PBXFileReference; includeInIndex = 1; lastKnownFileType = text.xcconfig; name = "Pods-JeuxAESDTests.debug.xcconfig"; path = "Pods/Target Support Files/Pods-JeuxAESDTests/Pods-JeuxAESDTests.debug.xcconfig"; sourceTree = "<group>"; };
/* End PBXFileReference section */

/* Begin PBXFrameworksBuildPhase section */
		4DA6F3681E8CE9E200C3E0A8 /* Frameworks */ = {
			isa = PBXFrameworksBuildPhase;
			buildActionMask = 2147483647;
			files = (
				4D88F79D1E94C071007F438D /* MapKit.framework in Frameworks */,
				EAAD7014A787B9723EEEB94A /* Pods_JeuxAESD.framework in Frameworks */,
			);
			runOnlyForDeploymentPostprocessing = 0;
		};
		4DA6F37E1E8CE9E200C3E0A8 /* Frameworks */ = {
			isa = PBXFrameworksBuildPhase;
			buildActionMask = 2147483647;
			files = (
				7B1E76B9EC3BDD8BA19D1E3C /* Pods_JeuxAESDTests.framework in Frameworks */,
			);
			runOnlyForDeploymentPostprocessing = 0;
		};
		4DA6F3891E8CE9E200C3E0A8 /* Frameworks */ = {
			isa = PBXFrameworksBuildPhase;
			buildActionMask = 2147483647;
			files = (
				CCB541B3A49A33AD34AC8D8C /* Pods_JeuxAESDUITests.framework in Frameworks */,
			);
			runOnlyForDeploymentPostprocessing = 0;
		};
/* End PBXFrameworksBuildPhase section */

/* Begin PBXGroup section */
		4D88F79B1E94C071007F438D /* Frameworks */ = {
			isa = PBXGroup;
			children = (
				4D88F79C1E94C071007F438D /* MapKit.framework */,
				2644E991631054D29C2D2C77 /* Pods_JeuxAESD.framework */,
				43728058D4AC5BC15A7AEFBC /* Pods_JeuxAESDTests.framework */,
				E6EE928EE4245804DF5B952D /* Pods_JeuxAESDUITests.framework */,
			);
			name = Frameworks;
			sourceTree = "<group>";
		};
		4D96BC381E97AC7400B93BF1 /* model */ = {
			isa = PBXGroup;
			children = (
				4D164AB31EC506DA00779664 /* MKPointLocationAnnotation.swift */,
				4DF07B2B1EBC092E0068578B /* Activity.swift */,
				4DFA51E41EB95BE7006E143C /* Event.swift */,
				4D96BC341E97A93100B93BF1 /* Location.swift */,
				4D67D9F81EBE6E5800AD1EB0 /* Result.swift */,
				4D67D9FA1EBE6E6900AD1EB0 /* ResultType.swift */,
				4D67D9FC1EBE6E9700AD1EB0 /* School.swift */,
				4D0EA3931EBE9CA900881121 /* AlertPickerViewDelegate.swift */,
			);
			name = model;
			sourceTree = "<group>";
		};
		4DA6F3621E8CE9E200C3E0A8 = {
			isa = PBXGroup;
			children = (
				4DA6F36D1E8CE9E200C3E0A8 /* JeuxAESD */,
				4DA6F3841E8CE9E200C3E0A8 /* JeuxAESDTests */,
				4DA6F38F1E8CE9E200C3E0A8 /* JeuxAESDUITests */,
				4DA6F36C1E8CE9E200C3E0A8 /* Products */,
				4D88F79B1E94C071007F438D /* Frameworks */,
				8C3C8774C4A005A9DE05090E /* Pods */,
			);
			sourceTree = "<group>";
		};
		4DA6F36C1E8CE9E200C3E0A8 /* Products */ = {
			isa = PBXGroup;
			children = (
				4DA6F36B1E8CE9E200C3E0A8 /* JeuxAESD.app */,
				4DA6F3811E8CE9E200C3E0A8 /* JeuxAESDTests.xctest */,
				4DA6F38C1E8CE9E200C3E0A8 /* JeuxAESDUITests.xctest */,
			);
			name = Products;
			sourceTree = "<group>";
		};
		4DA6F36D1E8CE9E200C3E0A8 /* JeuxAESD */ = {
			isa = PBXGroup;
			children = (
				4D89EAE91EC0193E0080C8E1 /* PlacesTableViewCell.swift */,
				4DE59DF71E9B335500886C3C /* helper */,
				4D96BC381E97AC7400B93BF1 /* model */,
				4DA6F36E1E8CE9E200C3E0A8 /* AppDelegate.swift */,
				4DA6F3741E8CE9E200C3E0A8 /* Main.storyboard */,
				4DA6F3771E8CE9E200C3E0A8 /* Assets.xcassets */,
				4DA6F3791E8CE9E200C3E0A8 /* LaunchScreen.storyboard */,
				4DA6F37C1E8CE9E200C3E0A8 /* Info.plist */,
				4D88F7951E94BE8F007F438D /* MapViewController.swift */,
				4D88F7991E94BF65007F438D /* PlacesViewController.swift */,
				4D4BB6A01E99965B00B5FAA1 /* Logger.swift */,
				4D4BB6A21E99DE1900B5FAA1 /* ActivitiesTableViewCell.swift */,
				4D4BB6A61E99E4DD00B5FAA1 /* ActivityInfoViewController.swift */,
				4D4BB6A81E99F1FB00B5FAA1 /* ActivitiesTableViewController.swift */,
				4DE59DF51E9B311900886C3C /* AboutViewController.swift */,
				4D37E8381EC004D300E566FB /* ResultsTableViewCell.swift */,
			);
			path = JeuxAESD;
			sourceTree = "<group>";
		};
		4DA6F3841E8CE9E200C3E0A8 /* JeuxAESDTests */ = {
			isa = PBXGroup;
			children = (
				4DA6F3851E8CE9E200C3E0A8 /* JeuxAESDTests.swift */,
				4DA6F3871E8CE9E200C3E0A8 /* Info.plist */,
			);
			path = JeuxAESDTests;
			sourceTree = "<group>";
		};
		4DA6F38F1E8CE9E200C3E0A8 /* JeuxAESDUITests */ = {
			isa = PBXGroup;
			children = (
				4DA6F3901E8CE9E200C3E0A8 /* JeuxAESDUITests.swift */,
				4DA6F3921E8CE9E200C3E0A8 /* Info.plist */,
			);
			path = JeuxAESDUITests;
			sourceTree = "<group>";
		};
		4DE59DF71E9B335500886C3C /* helper */ = {
			isa = PBXGroup;
			children = (
				4DFA51E21EB9551E006E143C /* APICommunication.swift */,
				4D67D9FE1EBE8B3400AD1EB0 /* NotificationHelper.swift */,
				4D67DA001EBE973F00AD1EB0 /* MessageHelper.swift */,
			);
			name = helper;
			sourceTree = "<group>";
		};
		8C3C8774C4A005A9DE05090E /* Pods */ = {
			isa = PBXGroup;
			children = (
				64345DC2A1DF94473686AC28 /* Pods-JeuxAESD.debug.xcconfig */,
				7CF28A05B9DB075A72B594E5 /* Pods-JeuxAESD.release.xcconfig */,
				FB77492FE1D57C8A1745244E /* Pods-JeuxAESDTests.debug.xcconfig */,
				2061EB1BDB6B69B946DCDBCF /* Pods-JeuxAESDTests.release.xcconfig */,
				33973586C86F4323CC2A0535 /* Pods-JeuxAESDUITests.debug.xcconfig */,
				31948965DE3FE8D2E9174045 /* Pods-JeuxAESDUITests.release.xcconfig */,
			);
			name = Pods;
			sourceTree = "<group>";
		};
/* End PBXGroup section */

/* Begin PBXNativeTarget section */
		4DA6F36A1E8CE9E200C3E0A8 /* JeuxAESD */ = {
			isa = PBXNativeTarget;
			buildConfigurationList = 4DA6F3951E8CE9E200C3E0A8 /* Build configuration list for PBXNativeTarget "JeuxAESD" */;
			buildPhases = (
				141C92548BD909BA3EC452D8 /* [CP] Check Pods Manifest.lock */,
				4DA6F3671E8CE9E200C3E0A8 /* Sources */,
				4DA6F3681E8CE9E200C3E0A8 /* Frameworks */,
				4DA6F3691E8CE9E200C3E0A8 /* Resources */,
				8DBE97AF7553BA1528B10501 /* [CP] Embed Pods Frameworks */,
				57319470D598A4A989864136 /* [CP] Copy Pods Resources */,
			);
			buildRules = (
			);
			dependencies = (
			);
			name = JeuxAESD;
			productName = JeuxAESD;
			productReference = 4DA6F36B1E8CE9E200C3E0A8 /* JeuxAESD.app */;
			productType = "com.apple.product-type.application";
		};
		4DA6F3801E8CE9E200C3E0A8 /* JeuxAESDTests */ = {
			isa = PBXNativeTarget;
			buildConfigurationList = 4DA6F3981E8CE9E200C3E0A8 /* Build configuration list for PBXNativeTarget "JeuxAESDTests" */;
			buildPhases = (
				42B5D9EC8C013931EAFBF385 /* [CP] Check Pods Manifest.lock */,
				4DA6F37D1E8CE9E200C3E0A8 /* Sources */,
				4DA6F37E1E8CE9E200C3E0A8 /* Frameworks */,
				4DA6F37F1E8CE9E200C3E0A8 /* Resources */,
				EEC308FE64147CA9180CC93D /* [CP] Embed Pods Frameworks */,
				E6FB4D559706542C0505E597 /* [CP] Copy Pods Resources */,
			);
			buildRules = (
			);
			dependencies = (
				4DA6F3831E8CE9E200C3E0A8 /* PBXTargetDependency */,
			);
			name = JeuxAESDTests;
			productName = JeuxAESDTests;
			productReference = 4DA6F3811E8CE9E200C3E0A8 /* JeuxAESDTests.xctest */;
			productType = "com.apple.product-type.bundle.unit-test";
		};
		4DA6F38B1E8CE9E200C3E0A8 /* JeuxAESDUITests */ = {
			isa = PBXNativeTarget;
			buildConfigurationList = 4DA6F39B1E8CE9E200C3E0A8 /* Build configuration list for PBXNativeTarget "JeuxAESDUITests" */;
			buildPhases = (
				5258A48A3333D687F42557F6 /* [CP] Check Pods Manifest.lock */,
				4DA6F3881E8CE9E200C3E0A8 /* Sources */,
				4DA6F3891E8CE9E200C3E0A8 /* Frameworks */,
				4DA6F38A1E8CE9E200C3E0A8 /* Resources */,
				2FF82F670D56360F9D3E3C0D /* [CP] Embed Pods Frameworks */,
				CCCF80F3E5C968A08EC7CE74 /* [CP] Copy Pods Resources */,
			);
			buildRules = (
			);
			dependencies = (
				4DA6F38E1E8CE9E200C3E0A8 /* PBXTargetDependency */,
			);
			name = JeuxAESDUITests;
			productName = JeuxAESDUITests;
			productReference = 4DA6F38C1E8CE9E200C3E0A8 /* JeuxAESDUITests.xctest */;
			productType = "com.apple.product-type.bundle.ui-testing";
		};
/* End PBXNativeTarget section */

/* Begin PBXProject section */
		4DA6F3631E8CE9E200C3E0A8 /* Project object */ = {
			isa = PBXProject;
			attributes = {
				LastSwiftUpdateCheck = 0830;
				LastUpgradeCheck = 0830;
				ORGANIZATIONNAME = "Nicolas Gnyra";
				TargetAttributes = {
					4DA6F36A1E8CE9E200C3E0A8 = {
						CreatedOnToolsVersion = 8.3;
						DevelopmentTeam = C84KHH87H5;
						ProvisioningStyle = Automatic;
						SystemCapabilities = {
							com.apple.Maps.iOS = {
								enabled = 1;
							};
						};
					};
					4DA6F3801E8CE9E200C3E0A8 = {
						CreatedOnToolsVersion = 8.3;
						DevelopmentTeam = C84KHH87H5;
						ProvisioningStyle = Automatic;
						TestTargetID = 4DA6F36A1E8CE9E200C3E0A8;
					};
					4DA6F38B1E8CE9E200C3E0A8 = {
						CreatedOnToolsVersion = 8.3;
						DevelopmentTeam = C84KHH87H5;
						ProvisioningStyle = Automatic;
						TestTargetID = 4DA6F36A1E8CE9E200C3E0A8;
					};
				};
			};
			buildConfigurationList = 4DA6F3661E8CE9E200C3E0A8 /* Build configuration list for PBXProject "JeuxAESD" */;
			compatibilityVersion = "Xcode 3.2";
			developmentRegion = English;
			hasScannedForEncodings = 0;
			knownRegions = (
				en,
				Base,
			);
			mainGroup = 4DA6F3621E8CE9E200C3E0A8;
			productRefGroup = 4DA6F36C1E8CE9E200C3E0A8 /* Products */;
			projectDirPath = "";
			projectRoot = "";
			targets = (
				4DA6F36A1E8CE9E200C3E0A8 /* JeuxAESD */,
				4DA6F3801E8CE9E200C3E0A8 /* JeuxAESDTests */,
				4DA6F38B1E8CE9E200C3E0A8 /* JeuxAESDUITests */,
			);
		};
/* End PBXProject section */

/* Begin PBXResourcesBuildPhase section */
		4DA6F3691E8CE9E200C3E0A8 /* Resources */ = {
			isa = PBXResourcesBuildPhase;
			buildActionMask = 2147483647;
			files = (
				4DA6F37B1E8CE9E200C3E0A8 /* LaunchScreen.storyboard in Resources */,
				4DA6F3781E8CE9E200C3E0A8 /* Assets.xcassets in Resources */,
				4DA6F3761E8CE9E200C3E0A8 /* Main.storyboard in Resources */,
			);
			runOnlyForDeploymentPostprocessing = 0;
		};
		4DA6F37F1E8CE9E200C3E0A8 /* Resources */ = {
			isa = PBXResourcesBuildPhase;
			buildActionMask = 2147483647;
			files = (
			);
			runOnlyForDeploymentPostprocessing = 0;
		};
		4DA6F38A1E8CE9E200C3E0A8 /* Resources */ = {
			isa = PBXResourcesBuildPhase;
			buildActionMask = 2147483647;
			files = (
			);
			runOnlyForDeploymentPostprocessing = 0;
		};
/* End PBXResourcesBuildPhase section */

/* Begin PBXShellScriptBuildPhase section */
		141C92548BD909BA3EC452D8 /* [CP] Check Pods Manifest.lock */ = {
			isa = PBXShellScriptBuildPhase;
			buildActionMask = 2147483647;
			files = (
			);
			inputPaths = (
			);
			name = "[CP] Check Pods Manifest.lock";
			outputPaths = (
			);
			runOnlyForDeploymentPostprocessing = 0;
			shellPath = /bin/sh;
			shellScript = "diff \"${PODS_ROOT}/../Podfile.lock\" \"${PODS_ROOT}/Manifest.lock\" > /dev/null\nif [ $? != 0 ] ; then\n    # print error to STDERR\n    echo \"error: The sandbox is not in sync with the Podfile.lock. Run 'pod install' or update your CocoaPods installation.\" >&2\n    exit 1\nfi\n";
			showEnvVarsInLog = 0;
		};
		2FF82F670D56360F9D3E3C0D /* [CP] Embed Pods Frameworks */ = {
			isa = PBXShellScriptBuildPhase;
			buildActionMask = 2147483647;
			files = (
			);
			inputPaths = (
			);
			name = "[CP] Embed Pods Frameworks";
			outputPaths = (
			);
			runOnlyForDeploymentPostprocessing = 0;
			shellPath = /bin/sh;
			shellScript = "\"${SRCROOT}/Pods/Target Support Files/Pods-JeuxAESDUITests/Pods-JeuxAESDUITests-frameworks.sh\"\n";
			showEnvVarsInLog = 0;
		};
		42B5D9EC8C013931EAFBF385 /* [CP] Check Pods Manifest.lock */ = {
			isa = PBXShellScriptBuildPhase;
			buildActionMask = 2147483647;
			files = (
			);
			inputPaths = (
			);
			name = "[CP] Check Pods Manifest.lock";
			outputPaths = (
			);
			runOnlyForDeploymentPostprocessing = 0;
			shellPath = /bin/sh;
			shellScript = "diff \"${PODS_ROOT}/../Podfile.lock\" \"${PODS_ROOT}/Manifest.lock\" > /dev/null\nif [ $? != 0 ] ; then\n    # print error to STDERR\n    echo \"error: The sandbox is not in sync with the Podfile.lock. Run 'pod install' or update your CocoaPods installation.\" >&2\n    exit 1\nfi\n";
			showEnvVarsInLog = 0;
		};
		5258A48A3333D687F42557F6 /* [CP] Check Pods Manifest.lock */ = {
			isa = PBXShellScriptBuildPhase;
			buildActionMask = 2147483647;
			files = (
			);
			inputPaths = (
			);
			name = "[CP] Check Pods Manifest.lock";
			outputPaths = (
			);
			runOnlyForDeploymentPostprocessing = 0;
			shellPath = /bin/sh;
			shellScript = "diff \"${PODS_ROOT}/../Podfile.lock\" \"${PODS_ROOT}/Manifest.lock\" > /dev/null\nif [ $? != 0 ] ; then\n    # print error to STDERR\n    echo \"error: The sandbox is not in sync with the Podfile.lock. Run 'pod install' or update your CocoaPods installation.\" >&2\n    exit 1\nfi\n";
			showEnvVarsInLog = 0;
		};
		57319470D598A4A989864136 /* [CP] Copy Pods Resources */ = {
			isa = PBXShellScriptBuildPhase;
			buildActionMask = 2147483647;
			files = (
			);
			inputPaths = (
			);
			name = "[CP] Copy Pods Resources";
			outputPaths = (
			);
			runOnlyForDeploymentPostprocessing = 0;
			shellPath = /bin/sh;
			shellScript = "\"${SRCROOT}/Pods/Target Support Files/Pods-JeuxAESD/Pods-JeuxAESD-resources.sh\"\n";
			showEnvVarsInLog = 0;
		};
		8DBE97AF7553BA1528B10501 /* [CP] Embed Pods Frameworks */ = {
			isa = PBXShellScriptBuildPhase;
			buildActionMask = 2147483647;
			files = (
			);
			inputPaths = (
			);
			name = "[CP] Embed Pods Frameworks";
			outputPaths = (
			);
			runOnlyForDeploymentPostprocessing = 0;
			shellPath = /bin/sh;
			shellScript = "\"${SRCROOT}/Pods/Target Support Files/Pods-JeuxAESD/Pods-JeuxAESD-frameworks.sh\"\n";
			showEnvVarsInLog = 0;
		};
		CCCF80F3E5C968A08EC7CE74 /* [CP] Copy Pods Resources */ = {
			isa = PBXShellScriptBuildPhase;
			buildActionMask = 2147483647;
			files = (
			);
			inputPaths = (
			);
			name = "[CP] Copy Pods Resources";
			outputPaths = (
			);
			runOnlyForDeploymentPostprocessing = 0;
			shellPath = /bin/sh;
			shellScript = "\"${SRCROOT}/Pods/Target Support Files/Pods-JeuxAESDUITests/Pods-JeuxAESDUITests-resources.sh\"\n";
			showEnvVarsInLog = 0;
		};
		E6FB4D559706542C0505E597 /* [CP] Copy Pods Resources */ = {
			isa = PBXShellScriptBuildPhase;
			buildActionMask = 2147483647;
			files = (
			);
			inputPaths = (
			);
			name = "[CP] Copy Pods Resources";
			outputPaths = (
			);
			runOnlyForDeploymentPostprocessing = 0;
			shellPath = /bin/sh;
			shellScript = "\"${SRCROOT}/Pods/Target Support Files/Pods-JeuxAESDTests/Pods-JeuxAESDTests-resources.sh\"\n";
			showEnvVarsInLog = 0;
		};
		EEC308FE64147CA9180CC93D /* [CP] Embed Pods Frameworks */ = {
			isa = PBXShellScriptBuildPhase;
			buildActionMask = 2147483647;
			files = (
			);
			inputPaths = (
			);
			name = "[CP] Embed Pods Frameworks";
			outputPaths = (
			);
			runOnlyForDeploymentPostprocessing = 0;
			shellPath = /bin/sh;
			shellScript = "\"${SRCROOT}/Pods/Target Support Files/Pods-JeuxAESDTests/Pods-JeuxAESDTests-frameworks.sh\"\n";
			showEnvVarsInLog = 0;
		};
/* End PBXShellScriptBuildPhase section */

/* Begin PBXSourcesBuildPhase section */
		4DA6F3671E8CE9E200C3E0A8 /* Sources */ = {
			isa = PBXSourcesBuildPhase;
			buildActionMask = 2147483647;
			files = (
				4D67D9FD1EBE6E9700AD1EB0 /* School.swift in Sources */,
				4D37E8391EC004D300E566FB /* ResultsTableViewCell.swift in Sources */,
				4D4BB6A31E99DE1900B5FAA1 /* ActivitiesTableViewCell.swift in Sources */,
				4D0EA3941EBE9CA900881121 /* AlertPickerViewDelegate.swift in Sources */,
				4DF07B2C1EBC092E0068578B /* Activity.swift in Sources */,
				4DFA51E51EB95BE7006E143C /* Event.swift in Sources */,
				4D88F79A1E94BF65007F438D /* PlacesViewController.swift in Sources */,
				4D4BB6A11E99965B00B5FAA1 /* Logger.swift in Sources */,
				4D89EAEA1EC0193E0080C8E1 /* PlacesTableViewCell.swift in Sources */,
				4D67D9F91EBE6E5800AD1EB0 /* Result.swift in Sources */,
				4DE59DF61E9B311900886C3C /* AboutViewController.swift in Sources */,
				4D4BB6A91E99F1FB00B5FAA1 /* ActivitiesTableViewController.swift in Sources */,
				4DA6F36F1E8CE9E200C3E0A8 /* AppDelegate.swift in Sources */,
				4D96BC351E97A93100B93BF1 /* Location.swift in Sources */,
				4D67D9FF1EBE8B3400AD1EB0 /* NotificationHelper.swift in Sources */,
				4D4BB6A71E99E4DD00B5FAA1 /* ActivityInfoViewController.swift in Sources */,
				4D67D9FB1EBE6E6900AD1EB0 /* ResultType.swift in Sources */,
				4D164AB41EC506DA00779664 /* MKPointLocationAnnotation.swift in Sources */,
				4D88F7961E94BE8F007F438D /* MapViewController.swift in Sources */,
				4D67DA011EBE973F00AD1EB0 /* MessageHelper.swift in Sources */,
				4DFA51E31EB9551E006E143C /* APICommunication.swift in Sources */,
			);
			runOnlyForDeploymentPostprocessing = 0;
		};
		4DA6F37D1E8CE9E200C3E0A8 /* Sources */ = {
			isa = PBXSourcesBuildPhase;
			buildActionMask = 2147483647;
			files = (
				4DA6F3861E8CE9E200C3E0A8 /* JeuxAESDTests.swift in Sources */,
			);
			runOnlyForDeploymentPostprocessing = 0;
		};
		4DA6F3881E8CE9E200C3E0A8 /* Sources */ = {
			isa = PBXSourcesBuildPhase;
			buildActionMask = 2147483647;
			files = (
				4DA6F3911E8CE9E200C3E0A8 /* JeuxAESDUITests.swift in Sources */,
			);
			runOnlyForDeploymentPostprocessing = 0;
		};
/* End PBXSourcesBuildPhase section */

/* Begin PBXTargetDependency section */
		4DA6F3831E8CE9E200C3E0A8 /* PBXTargetDependency */ = {
			isa = PBXTargetDependency;
			target = 4DA6F36A1E8CE9E200C3E0A8 /* JeuxAESD */;
			targetProxy = 4DA6F3821E8CE9E200C3E0A8 /* PBXContainerItemProxy */;
		};
		4DA6F38E1E8CE9E200C3E0A8 /* PBXTargetDependency */ = {
			isa = PBXTargetDependency;
			target = 4DA6F36A1E8CE9E200C3E0A8 /* JeuxAESD */;
			targetProxy = 4DA6F38D1E8CE9E200C3E0A8 /* PBXContainerItemProxy */;
		};
/* End PBXTargetDependency section */

/* Begin PBXVariantGroup section */
		4DA6F3741E8CE9E200C3E0A8 /* Main.storyboard */ = {
			isa = PBXVariantGroup;
			children = (
				4DA6F3751E8CE9E200C3E0A8 /* Base */,
			);
			name = Main.storyboard;
			sourceTree = "<group>";
		};
		4DA6F3791E8CE9E200C3E0A8 /* LaunchScreen.storyboard */ = {
			isa = PBXVariantGroup;
			children = (
				4DA6F37A1E8CE9E200C3E0A8 /* Base */,
			);
			name = LaunchScreen.storyboard;
			sourceTree = "<group>";
		};
/* End PBXVariantGroup section */

/* Begin XCBuildConfiguration section */
		4DA6F3931E8CE9E200C3E0A8 /* Debug */ = {
			isa = XCBuildConfiguration;
			buildSettings = {
				ALWAYS_SEARCH_USER_PATHS = NO;
				CLANG_ANALYZER_NONNULL = YES;
				CLANG_ANALYZER_NUMBER_OBJECT_CONVERSION = YES_AGGRESSIVE;
				CLANG_CXX_LANGUAGE_STANDARD = "gnu++0x";
				CLANG_CXX_LIBRARY = "libc++";
				CLANG_ENABLE_MODULES = YES;
				CLANG_ENABLE_OBJC_ARC = YES;
				CLANG_WARN_BOOL_CONVERSION = YES;
				CLANG_WARN_CONSTANT_CONVERSION = YES;
				CLANG_WARN_DIRECT_OBJC_ISA_USAGE = YES_ERROR;
				CLANG_WARN_DOCUMENTATION_COMMENTS = YES;
				CLANG_WARN_EMPTY_BODY = YES;
				CLANG_WARN_ENUM_CONVERSION = YES;
				CLANG_WARN_INFINITE_RECURSION = YES;
				CLANG_WARN_INT_CONVERSION = YES;
				CLANG_WARN_OBJC_ROOT_CLASS = YES_ERROR;
				CLANG_WARN_SUSPICIOUS_MOVE = YES;
				CLANG_WARN_UNREACHABLE_CODE = YES;
				CLANG_WARN__DUPLICATE_METHOD_MATCH = YES;
				"CODE_SIGN_IDENTITY[sdk=iphoneos*]" = "iPhone Developer";
				COPY_PHASE_STRIP = NO;
				DEBUG_INFORMATION_FORMAT = dwarf;
				ENABLE_STRICT_OBJC_MSGSEND = YES;
				ENABLE_TESTABILITY = YES;
				GCC_C_LANGUAGE_STANDARD = gnu99;
				GCC_DYNAMIC_NO_PIC = NO;
				GCC_NO_COMMON_BLOCKS = YES;
				GCC_OPTIMIZATION_LEVEL = 0;
				GCC_PREPROCESSOR_DEFINITIONS = (
					"DEBUG=1",
					"$(inherited)",
				);
				GCC_WARN_64_TO_32_BIT_CONVERSION = YES;
				GCC_WARN_ABOUT_RETURN_TYPE = YES_ERROR;
				GCC_WARN_UNDECLARED_SELECTOR = YES;
				GCC_WARN_UNINITIALIZED_AUTOS = YES_AGGRESSIVE;
				GCC_WARN_UNUSED_FUNCTION = YES;
				GCC_WARN_UNUSED_VARIABLE = YES;
				IPHONEOS_DEPLOYMENT_TARGET = 10.3;
				MTL_ENABLE_DEBUG_INFO = YES;
				ONLY_ACTIVE_ARCH = YES;
				SDKROOT = iphoneos;
				SWIFT_ACTIVE_COMPILATION_CONDITIONS = DEBUG;
				SWIFT_OPTIMIZATION_LEVEL = "-Onone";
				TARGETED_DEVICE_FAMILY = "1,2";
			};
			name = Debug;
		};
		4DA6F3941E8CE9E200C3E0A8 /* Release */ = {
			isa = XCBuildConfiguration;
			buildSettings = {
				ALWAYS_SEARCH_USER_PATHS = NO;
				CLANG_ANALYZER_NONNULL = YES;
				CLANG_ANALYZER_NUMBER_OBJECT_CONVERSION = YES_AGGRESSIVE;
				CLANG_CXX_LANGUAGE_STANDARD = "gnu++0x";
				CLANG_CXX_LIBRARY = "libc++";
				CLANG_ENABLE_MODULES = YES;
				CLANG_ENABLE_OBJC_ARC = YES;
				CLANG_WARN_BOOL_CONVERSION = YES;
				CLANG_WARN_CONSTANT_CONVERSION = YES;
				CLANG_WARN_DIRECT_OBJC_ISA_USAGE = YES_ERROR;
				CLANG_WARN_DOCUMENTATION_COMMENTS = YES;
				CLANG_WARN_EMPTY_BODY = YES;
				CLANG_WARN_ENUM_CONVERSION = YES;
				CLANG_WARN_INFINITE_RECURSION = YES;
				CLANG_WARN_INT_CONVERSION = YES;
				CLANG_WARN_OBJC_ROOT_CLASS = YES_ERROR;
				CLANG_WARN_SUSPICIOUS_MOVE = YES;
				CLANG_WARN_UNREACHABLE_CODE = YES;
				CLANG_WARN__DUPLICATE_METHOD_MATCH = YES;
				"CODE_SIGN_IDENTITY[sdk=iphoneos*]" = "iPhone Developer";
				COPY_PHASE_STRIP = NO;
				DEBUG_INFORMATION_FORMAT = "dwarf-with-dsym";
				ENABLE_NS_ASSERTIONS = NO;
				ENABLE_STRICT_OBJC_MSGSEND = YES;
				GCC_C_LANGUAGE_STANDARD = gnu99;
				GCC_NO_COMMON_BLOCKS = YES;
				GCC_WARN_64_TO_32_BIT_CONVERSION = YES;
				GCC_WARN_ABOUT_RETURN_TYPE = YES_ERROR;
				GCC_WARN_UNDECLARED_SELECTOR = YES;
				GCC_WARN_UNINITIALIZED_AUTOS = YES_AGGRESSIVE;
				GCC_WARN_UNUSED_FUNCTION = YES;
				GCC_WARN_UNUSED_VARIABLE = YES;
				IPHONEOS_DEPLOYMENT_TARGET = 10.3;
				MTL_ENABLE_DEBUG_INFO = NO;
				SDKROOT = iphoneos;
				SWIFT_OPTIMIZATION_LEVEL = "-Owholemodule";
				TARGETED_DEVICE_FAMILY = "1,2";
				VALIDATE_PRODUCT = YES;
			};
			name = Release;
		};
		4DA6F3961E8CE9E200C3E0A8 /* Debug */ = {
			isa = XCBuildConfiguration;
			baseConfigurationReference = 64345DC2A1DF94473686AC28 /* Pods-JeuxAESD.debug.xcconfig */;
			buildSettings = {
				ASSETCATALOG_COMPILER_APPICON_NAME = AppIcon;
				DEVELOPMENT_TEAM = C84KHH87H5;
				INFOPLIST_FILE = JeuxAESD/Info.plist;
				IPHONEOS_DEPLOYMENT_TARGET = 9.0;
				LD_RUNPATH_SEARCH_PATHS = "$(inherited) @executable_path/Frameworks";
				PRODUCT_BUNDLE_IDENTIFIER = com.nicolasgnyra.jeuxdelaesd;
				PRODUCT_NAME = "$(TARGET_NAME)";
				SWIFT_VERSION = 3.0;
			};
			name = Debug;
		};
		4DA6F3971E8CE9E200C3E0A8 /* Release */ = {
			isa = XCBuildConfiguration;
			baseConfigurationReference = 7CF28A05B9DB075A72B594E5 /* Pods-JeuxAESD.release.xcconfig */;
			buildSettings = {
				ASSETCATALOG_COMPILER_APPICON_NAME = AppIcon;
				DEVELOPMENT_TEAM = C84KHH87H5;
				INFOPLIST_FILE = JeuxAESD/Info.plist;
				IPHONEOS_DEPLOYMENT_TARGET = 9.0;
				LD_RUNPATH_SEARCH_PATHS = "$(inherited) @executable_path/Frameworks";
				PRODUCT_BUNDLE_IDENTIFIER = com.nicolasgnyra.jeuxdelaesd;
				PRODUCT_NAME = "$(TARGET_NAME)";
				SWIFT_VERSION = 3.0;
			};
			name = Release;
		};
		4DA6F3991E8CE9E200C3E0A8 /* Debug */ = {
			isa = XCBuildConfiguration;
			baseConfigurationReference = FB77492FE1D57C8A1745244E /* Pods-JeuxAESDTests.debug.xcconfig */;
			buildSettings = {
				ALWAYS_EMBED_SWIFT_STANDARD_LIBRARIES = YES;
				BUNDLE_LOADER = "$(TEST_HOST)";
				DEVELOPMENT_TEAM = C84KHH87H5;
				INFOPLIST_FILE = JeuxAESDTests/Info.plist;
				LD_RUNPATH_SEARCH_PATHS = "$(inherited) @executable_path/Frameworks @loader_path/Frameworks";
				PRODUCT_BUNDLE_IDENTIFIER = com.nicolasgnyra.JeuxAESDTests;
				PRODUCT_NAME = "$(TARGET_NAME)";
				SWIFT_VERSION = 3.0;
				TEST_HOST = "$(BUILT_PRODUCTS_DIR)/JeuxAESD.app/JeuxAESD";
			};
			name = Debug;
		};
		4DA6F39A1E8CE9E200C3E0A8 /* Release */ = {
			isa = XCBuildConfiguration;
			baseConfigurationReference = 2061EB1BDB6B69B946DCDBCF /* Pods-JeuxAESDTests.release.xcconfig */;
			buildSettings = {
				ALWAYS_EMBED_SWIFT_STANDARD_LIBRARIES = YES;
				BUNDLE_LOADER = "$(TEST_HOST)";
				DEVELOPMENT_TEAM = C84KHH87H5;
				INFOPLIST_FILE = JeuxAESDTests/Info.plist;
				LD_RUNPATH_SEARCH_PATHS = "$(inherited) @executable_path/Frameworks @loader_path/Frameworks";
				PRODUCT_BUNDLE_IDENTIFIER = com.nicolasgnyra.JeuxAESDTests;
				PRODUCT_NAME = "$(TARGET_NAME)";
				SWIFT_VERSION = 3.0;
				TEST_HOST = "$(BUILT_PRODUCTS_DIR)/JeuxAESD.app/JeuxAESD";
			};
			name = Release;
		};
		4DA6F39C1E8CE9E200C3E0A8 /* Debug */ = {
			isa = XCBuildConfiguration;
			baseConfigurationReference = 33973586C86F4323CC2A0535 /* Pods-JeuxAESDUITests.debug.xcconfig */;
			buildSettings = {
				ALWAYS_EMBED_SWIFT_STANDARD_LIBRARIES = YES;
				DEVELOPMENT_TEAM = C84KHH87H5;
				INFOPLIST_FILE = JeuxAESDUITests/Info.plist;
				LD_RUNPATH_SEARCH_PATHS = "$(inherited) @executable_path/Frameworks @loader_path/Frameworks";
				PRODUCT_BUNDLE_IDENTIFIER = com.nicolasgnyra.JeuxAESDUITests;
				PRODUCT_NAME = "$(TARGET_NAME)";
				SWIFT_VERSION = 3.0;
				TEST_TARGET_NAME = JeuxAESD;
			};
			name = Debug;
		};
		4DA6F39D1E8CE9E200C3E0A8 /* Release */ = {
			isa = XCBuildConfiguration;
			baseConfigurationReference = 31948965DE3FE8D2E9174045 /* Pods-JeuxAESDUITests.release.xcconfig */;
			buildSettings = {
				ALWAYS_EMBED_SWIFT_STANDARD_LIBRARIES = YES;
				DEVELOPMENT_TEAM = C84KHH87H5;
				INFOPLIST_FILE = JeuxAESDUITests/Info.plist;
				LD_RUNPATH_SEARCH_PATHS = "$(inherited) @executable_path/Frameworks @loader_path/Frameworks";
				PRODUCT_BUNDLE_IDENTIFIER = com.nicolasgnyra.JeuxAESDUITests;
				PRODUCT_NAME = "$(TARGET_NAME)";
				SWIFT_VERSION = 3.0;
				TEST_TARGET_NAME = JeuxAESD;
			};
			name = Release;
		};
/* End XCBuildConfiguration section */

/* Begin XCConfigurationList section */
		4DA6F3661E8CE9E200C3E0A8 /* Build configuration list for PBXProject "JeuxAESD" */ = {
			isa = XCConfigurationList;
			buildConfigurations = (
				4DA6F3931E8CE9E200C3E0A8 /* Debug */,
				4DA6F3941E8CE9E200C3E0A8 /* Release */,
			);
			defaultConfigurationIsVisible = 0;
			defaultConfigurationName = Release;
		};
		4DA6F3951E8CE9E200C3E0A8 /* Build configuration list for PBXNativeTarget "JeuxAESD" */ = {
			isa = XCConfigurationList;
			buildConfigurations = (
				4DA6F3961E8CE9E200C3E0A8 /* Debug */,
				4DA6F3971E8CE9E200C3E0A8 /* Release */,
			);
			defaultConfigurationIsVisible = 0;
			defaultConfigurationName = Release;
		};
		4DA6F3981E8CE9E200C3E0A8 /* Build configuration list for PBXNativeTarget "JeuxAESDTests" */ = {
			isa = XCConfigurationList;
			buildConfigurations = (
				4DA6F3991E8CE9E200C3E0A8 /* Debug */,
				4DA6F39A1E8CE9E200C3E0A8 /* Release */,
			);
			defaultConfigurationIsVisible = 0;
			defaultConfigurationName = Release;
		};
		4DA6F39B1E8CE9E200C3E0A8 /* Build configuration list for PBXNativeTarget "JeuxAESDUITests" */ = {
			isa = XCConfigurationList;
			buildConfigurations = (
				4DA6F39C1E8CE9E200C3E0A8 /* Debug */,
				4DA6F39D1E8CE9E200C3E0A8 /* Release */,
			);
			defaultConfigurationIsVisible = 0;
			defaultConfigurationName = Release;
		};
/* End XCConfigurationList section */
	};
	rootObject = 4DA6F3631E8CE9E200C3E0A8 /* Project object */;
}
